// !$*UTF8*$!
{
	archiveVersion = 1;
	classes = {
	};
	objectVersion = 56;
	objects = {

/* Begin PBXBuildFile section */
		55020E3B299B1CC300C17AF7 /* ScrumsView.swift in Sources */ = {isa = PBXBuildFile; fileRef = 55020E3A299B1CC300C17AF7 /* ScrumsView.swift */; };
		55020E3D299B297900C17AF7 /* DetailView.swift in Sources */ = {isa = PBXBuildFile; fileRef = 55020E3C299B297900C17AF7 /* DetailView.swift */; };
		552FB03629A46F00006099B9 /* MeetingHeaderView.swift in Sources */ = {isa = PBXBuildFile; fileRef = 552FB03529A46F00006099B9 /* MeetingHeaderView.swift */; };
		552FB03829A471C6006099B9 /* ScrumProgressViewStyle.swift in Sources */ = {isa = PBXBuildFile; fileRef = 552FB03729A471C6006099B9 /* ScrumProgressViewStyle.swift */; };
		553CCE3429998BC100EC7C72 /* ScrumdingerApp.swift in Sources */ = {isa = PBXBuildFile; fileRef = 553CCE3329998BC100EC7C72 /* ScrumdingerApp.swift */; };
		553CCE3629998BC100EC7C72 /* MeetingView.swift in Sources */ = {isa = PBXBuildFile; fileRef = 553CCE3529998BC100EC7C72 /* MeetingView.swift */; };
		553CCE3829998BC300EC7C72 /* Assets.xcassets in Resources */ = {isa = PBXBuildFile; fileRef = 553CCE3729998BC300EC7C72 /* Assets.xcassets */; };
		553CCE3B29998BC300EC7C72 /* Preview Assets.xcassets in Resources */ = {isa = PBXBuildFile; fileRef = 553CCE3A29998BC300EC7C72 /* Preview Assets.xcassets */; };
		554AABB4299DB12C00ACE8DF /* ThemeView.swift in Sources */ = {isa = PBXBuildFile; fileRef = 554AABB3299DB12C00ACE8DF /* ThemeView.swift */; };
		554AABB6299DB2E300ACE8DF /* ThemePicker.swift in Sources */ = {isa = PBXBuildFile; fileRef = 554AABB5299DB2E300ACE8DF /* ThemePicker.swift */; };
		55CA49362999998D00D7960B /* Theme.swift in Sources */ = {isa = PBXBuildFile; fileRef = 55CA49352999998D00D7960B /* Theme.swift */; };
		55CA493829999C4900D7960B /* DailyScrum.swift in Sources */ = {isa = PBXBuildFile; fileRef = 55CA493729999C4900D7960B /* DailyScrum.swift */; };
		55CA493A29999CFA00D7960B /* CardView.swift in Sources */ = {isa = PBXBuildFile; fileRef = 55CA493929999CFA00D7960B /* CardView.swift */; };
		55CA493C2999A60A00D7960B /* TrailingIconLabelStyle.swift in Sources */ = {isa = PBXBuildFile; fileRef = 55CA493B2999A60A00D7960B /* TrailingIconLabelStyle.swift */; };
		55EAE255299C71E10022BD3B /* DetailEditView.swift in Sources */ = {isa = PBXBuildFile; fileRef = 55EAE254299C71E10022BD3B /* DetailEditView.swift */; };
/* End PBXBuildFile section */

/* Begin PBXFileReference section */
		55020E3A299B1CC300C17AF7 /* ScrumsView.swift */ = {isa = PBXFileReference; lastKnownFileType = sourcecode.swift; path = ScrumsView.swift; sourceTree = "<group>"; };
		55020E3C299B297900C17AF7 /* DetailView.swift */ = {isa = PBXFileReference; lastKnownFileType = sourcecode.swift; path = DetailView.swift; sourceTree = "<group>"; };
		552FB03529A46F00006099B9 /* MeetingHeaderView.swift */ = {isa = PBXFileReference; lastKnownFileType = sourcecode.swift; path = MeetingHeaderView.swift; sourceTree = "<group>"; };
		552FB03729A471C6006099B9 /* ScrumProgressViewStyle.swift */ = {isa = PBXFileReference; lastKnownFileType = sourcecode.swift; path = ScrumProgressViewStyle.swift; sourceTree = "<group>"; };
		553CCE3029998BC100EC7C72 /* Scrumdinger.app */ = {isa = PBXFileReference; explicitFileType = wrapper.application; includeInIndex = 0; path = Scrumdinger.app; sourceTree = BUILT_PRODUCTS_DIR; };
		553CCE3329998BC100EC7C72 /* ScrumdingerApp.swift */ = {isa = PBXFileReference; lastKnownFileType = sourcecode.swift; path = ScrumdingerApp.swift; sourceTree = "<group>"; };
		553CCE3529998BC100EC7C72 /* MeetingView.swift */ = {isa = PBXFileReference; lastKnownFileType = sourcecode.swift; path = MeetingView.swift; sourceTree = "<group>"; };
		553CCE3729998BC300EC7C72 /* Assets.xcassets */ = {isa = PBXFileReference; lastKnownFileType = folder.assetcatalog; path = Assets.xcassets; sourceTree = "<group>"; };
		553CCE3A29998BC300EC7C72 /* Preview Assets.xcassets */ = {isa = PBXFileReference; lastKnownFileType = folder.assetcatalog; path = "Preview Assets.xcassets"; sourceTree = "<group>"; };
		554AABB3299DB12C00ACE8DF /* ThemeView.swift */ = {isa = PBXFileReference; lastKnownFileType = sourcecode.swift; path = ThemeView.swift; sourceTree = "<group>"; };
		554AABB5299DB2E300ACE8DF /* ThemePicker.swift */ = {isa = PBXFileReference; lastKnownFileType = sourcecode.swift; path = ThemePicker.swift; sourceTree = "<group>"; };
		55CA49352999998D00D7960B /* Theme.swift */ = {isa = PBXFileReference; lastKnownFileType = sourcecode.swift; path = Theme.swift; sourceTree = "<group>"; };
		55CA493729999C4900D7960B /* DailyScrum.swift */ = {isa = PBXFileReference; lastKnownFileType = sourcecode.swift; path = DailyScrum.swift; sourceTree = "<group>"; };
		55CA493929999CFA00D7960B /* CardView.swift */ = {isa = PBXFileReference; lastKnownFileType = sourcecode.swift; path = CardView.swift; sourceTree = "<group>"; };
		55CA493B2999A60A00D7960B /* TrailingIconLabelStyle.swift */ = {isa = PBXFileReference; lastKnownFileType = sourcecode.swift; path = TrailingIconLabelStyle.swift; sourceTree = "<group>"; };
		55EAE254299C71E10022BD3B /* DetailEditView.swift */ = {isa = PBXFileReference; lastKnownFileType = sourcecode.swift; path = DetailEditView.swift; sourceTree = "<group>"; };
/* End PBXFileReference section */

/* Begin PBXFrameworksBuildPhase section */
		553CCE2D29998BC100EC7C72 /* Frameworks */ = {
			isa = PBXFrameworksBuildPhase;
			buildActionMask = 2147483647;
			files = (
			);
			runOnlyForDeploymentPostprocessing = 0;
		};
/* End PBXFrameworksBuildPhase section */

/* Begin PBXGroup section */
		553CCE2729998BC100EC7C72 = {
			isa = PBXGroup;
			children = (
				553CCE3229998BC100EC7C72 /* Scrumdinger */,
				553CCE3129998BC100EC7C72 /* Products */,
			);
			sourceTree = "<group>";
		};
		553CCE3129998BC100EC7C72 /* Products */ = {
			isa = PBXGroup;
			children = (
				553CCE3029998BC100EC7C72 /* Scrumdinger.app */,
			);
			name = Products;
			sourceTree = "<group>";
		};
		553CCE3229998BC100EC7C72 /* Scrumdinger */ = {
			isa = PBXGroup;
			children = (
				55CA49342999996E00D7960B /* Models */,
				553CCE3329998BC100EC7C72 /* ScrumdingerApp.swift */,
				553CCE3529998BC100EC7C72 /* MeetingView.swift */,
				553CCE3729998BC300EC7C72 /* Assets.xcassets */,
				553CCE3929998BC300EC7C72 /* Preview Content */,
				55CA493929999CFA00D7960B /* CardView.swift */,
				55CA493B2999A60A00D7960B /* TrailingIconLabelStyle.swift */,
				55020E3A299B1CC300C17AF7 /* ScrumsView.swift */,
				55020E3C299B297900C17AF7 /* DetailView.swift */,
				55EAE254299C71E10022BD3B /* DetailEditView.swift */,
				554AABB3299DB12C00ACE8DF /* ThemeView.swift */,
				554AABB5299DB2E300ACE8DF /* ThemePicker.swift */,
				552FB03529A46F00006099B9 /* MeetingHeaderView.swift */,
				552FB03729A471C6006099B9 /* ScrumProgressViewStyle.swift */,
			);
			path = Scrumdinger;
			sourceTree = "<group>";
		};
		553CCE3929998BC300EC7C72 /* Preview Content */ = {
			isa = PBXGroup;
			children = (
				553CCE3A29998BC300EC7C72 /* Preview Assets.xcassets */,
			);
			path = "Preview Content";
			sourceTree = "<group>";
		};
		55CA49342999996E00D7960B /* Models */ = {
			isa = PBXGroup;
			children = (
				55CA49352999998D00D7960B /* Theme.swift */,
				55CA493729999C4900D7960B /* DailyScrum.swift */,
			);
			path = Models;
			sourceTree = "<group>";
		};
/* End PBXGroup section */

/* Begin PBXNativeTarget section */
		553CCE2F29998BC100EC7C72 /* Scrumdinger */ = {
			isa = PBXNativeTarget;
			buildConfigurationList = 553CCE3E29998BC300EC7C72 /* Build configuration list for PBXNativeTarget "Scrumdinger" */;
			buildPhases = (
				553CCE2C29998BC100EC7C72 /* Sources */,
				553CCE2D29998BC100EC7C72 /* Frameworks */,
				553CCE2E29998BC100EC7C72 /* Resources */,
			);
			buildRules = (
			);
			dependencies = (
			);
			name = Scrumdinger;
			productName = Scrumdinger;
			productReference = 553CCE3029998BC100EC7C72 /* Scrumdinger.app */;
			productType = "com.apple.product-type.application";
		};
/* End PBXNativeTarget section */

/* Begin PBXProject section */
		553CCE2829998BC100EC7C72 /* Project object */ = {
			isa = PBXProject;
			attributes = {
				BuildIndependentTargetsInParallel = 1;
				LastSwiftUpdateCheck = 1410;
				LastUpgradeCheck = 1410;
				TargetAttributes = {
					553CCE2F29998BC100EC7C72 = {
						CreatedOnToolsVersion = 14.1;
					};
				};
			};
			buildConfigurationList = 553CCE2B29998BC100EC7C72 /* Build configuration list for PBXProject "Scrumdinger" */;
			compatibilityVersion = "Xcode 14.0";
			developmentRegion = en;
			hasScannedForEncodings = 0;
			knownRegions = (
				en,
				Base,
			);
			mainGroup = 553CCE2729998BC100EC7C72;
			productRefGroup = 553CCE3129998BC100EC7C72 /* Products */;
			projectDirPath = "";
			projectRoot = "";
			targets = (
				553CCE2F29998BC100EC7C72 /* Scrumdinger */,
			);
		};
/* End PBXProject section */

/* Begin PBXResourcesBuildPhase section */
		553CCE2E29998BC100EC7C72 /* Resources */ = {
			isa = PBXResourcesBuildPhase;
			buildActionMask = 2147483647;
			files = (
				553CCE3B29998BC300EC7C72 /* Preview Assets.xcassets in Resources */,
				553CCE3829998BC300EC7C72 /* Assets.xcassets in Resources */,
			);
			runOnlyForDeploymentPostprocessing = 0;
		};
/* End PBXResourcesBuildPhase section */

/* Begin PBXSourcesBuildPhase section */
		553CCE2C29998BC100EC7C72 /* Sources */ = {
			isa = PBXSourcesBuildPhase;
			buildActionMask = 2147483647;
			files = (
				554AABB6299DB2E300ACE8DF /* ThemePicker.swift in Sources */,
				552FB03829A471C6006099B9 /* ScrumProgressViewStyle.swift in Sources */,
				55CA493829999C4900D7960B /* DailyScrum.swift in Sources */,
				55020E3D299B297900C17AF7 /* DetailView.swift in Sources */,
				552FB03629A46F00006099B9 /* MeetingHeaderView.swift in Sources */,
				55EAE255299C71E10022BD3B /* DetailEditView.swift in Sources */,
				55CA493C2999A60A00D7960B /* TrailingIconLabelStyle.swift in Sources */,
				55CA49362999998D00D7960B /* Theme.swift in Sources */,
				55020E3B299B1CC300C17AF7 /* ScrumsView.swift in Sources */,
				553CCE3629998BC100EC7C72 /* MeetingView.swift in Sources */,
				553CCE3429998BC100EC7C72 /* ScrumdingerApp.swift in Sources */,
				554AABB4299DB12C00ACE8DF /* ThemeView.swift in Sources */,
				55CA493A29999CFA00D7960B /* CardView.swift in Sources */,
			);
			runOnlyForDeploymentPostprocessing = 0;
		};
/* End PBXSourcesBuildPhase section */

/* Begin XCBuildConfiguration section */
		553CCE3C29998BC300EC7C72 /* Debug */ = {
			isa = XCBuildConfiguration;
			buildSettings = {
				ALWAYS_SEARCH_USER_PATHS = NO;
				CLANG_ANALYZER_NONNULL = YES;
				CLANG_ANALYZER_NUMBER_OBJECT_CONVERSION = YES_AGGRESSIVE;
				CLANG_CXX_LANGUAGE_STANDARD = "gnu++20";
				CLANG_ENABLE_MODULES = YES;
				CLANG_ENABLE_OBJC_ARC = YES;
				CLANG_ENABLE_OBJC_WEAK = YES;
				CLANG_WARN_BLOCK_CAPTURE_AUTORELEASING = YES;
				CLANG_WARN_BOOL_CONVERSION = YES;
				CLANG_WARN_COMMA = YES;
				CLANG_WARN_CONSTANT_CONVERSION = YES;
				CLANG_WARN_DEPRECATED_OBJC_IMPLEMENTATIONS = YES;
				CLANG_WARN_DIRECT_OBJC_ISA_USAGE = YES_ERROR;
				CLANG_WARN_DOCUMENTATION_COMMENTS = YES;
				CLANG_WARN_EMPTY_BODY = YES;
				CLANG_WARN_ENUM_CONVERSION = YES;
				CLANG_WARN_INFINITE_RECURSION = YES;
				CLANG_WARN_INT_CONVERSION = YES;
				CLANG_WARN_NON_LITERAL_NULL_CONVERSION = YES;
				CLANG_WARN_OBJC_IMPLICIT_RETAIN_SELF = YES;
				CLANG_WARN_OBJC_LITERAL_CONVERSION = YES;
				CLANG_WARN_OBJC_ROOT_CLASS = YES_ERROR;
				CLANG_WARN_QUOTED_INCLUDE_IN_FRAMEWORK_HEADER = YES;
				CLANG_WARN_RANGE_LOOP_ANALYSIS = YES;
				CLANG_WARN_STRICT_PROTOTYPES = YES;
				CLANG_WARN_SUSPICIOUS_MOVE = YES;
				CLANG_WARN_UNGUARDED_AVAILABILITY = YES_AGGRESSIVE;
				CLANG_WARN_UNREACHABLE_CODE = YES;
				CLANG_WARN__DUPLICATE_METHOD_MATCH = YES;
				COPY_PHASE_STRIP = NO;
				DEBUG_INFORMATION_FORMAT = dwarf;
				ENABLE_STRICT_OBJC_MSGSEND = YES;
				ENABLE_TESTABILITY = YES;
				GCC_C_LANGUAGE_STANDARD = gnu11;
				GCC_DYNAMIC_NO_PIC = NO;
				GCC_NO_COMMON_BLOCKS = YES;
				GCC_OPTIMIZATION_LEVEL = 0;
				GCC_PREPROCESSOR_DEFINITIONS = (
					"DEBUG=1",
					"$(inherited)",
				);
				GCC_WARN_64_TO_32_BIT_CONVERSION = YES;
				GCC_WARN_ABOUT_RETURN_TYPE = YES_ERROR;
				GCC_WARN_UNDECLARED_SELECTOR = YES;
				GCC_WARN_UNINITIALIZED_AUTOS = YES_AGGRESSIVE;
				GCC_WARN_UNUSED_FUNCTION = YES;
				GCC_WARN_UNUSED_VARIABLE = YES;
				IPHONEOS_DEPLOYMENT_TARGET = 16.1;
				MTL_ENABLE_DEBUG_INFO = INCLUDE_SOURCE;
				MTL_FAST_MATH = YES;
				ONLY_ACTIVE_ARCH = YES;
				SDKROOT = iphoneos;
				SWIFT_ACTIVE_COMPILATION_CONDITIONS = DEBUG;
				SWIFT_OPTIMIZATION_LEVEL = "-Onone";
			};
			name = Debug;
		};
		553CCE3D29998BC300EC7C72 /* Release */ = {
			isa = XCBuildConfiguration;
			buildSettings = {
				ALWAYS_SEARCH_USER_PATHS = NO;
				CLANG_ANALYZER_NONNULL = YES;
				CLANG_ANALYZER_NUMBER_OBJECT_CONVERSION = YES_AGGRESSIVE;
				CLANG_CXX_LANGUAGE_STANDARD = "gnu++20";
				CLANG_ENABLE_MODULES = YES;
				CLANG_ENABLE_OBJC_ARC = YES;
				CLANG_ENABLE_OBJC_WEAK = YES;
				CLANG_WARN_BLOCK_CAPTURE_AUTORELEASING = YES;
				CLANG_WARN_BOOL_CONVERSION = YES;
				CLANG_WARN_COMMA = YES;
				CLANG_WARN_CONSTANT_CONVERSION = YES;
				CLANG_WARN_DEPRECATED_OBJC_IMPLEMENTATIONS = YES;
				CLANG_WARN_DIRECT_OBJC_ISA_USAGE = YES_ERROR;
				CLANG_WARN_DOCUMENTATION_COMMENTS = YES;
				CLANG_WARN_EMPTY_BODY = YES;
				CLANG_WARN_ENUM_CONVERSION = YES;
				CLANG_WARN_INFINITE_RECURSION = YES;
				CLANG_WARN_INT_CONVERSION = YES;
				CLANG_WARN_NON_LITERAL_NULL_CONVERSION = YES;
				CLANG_WARN_OBJC_IMPLICIT_RETAIN_SELF = YES;
				CLANG_WARN_OBJC_LITERAL_CONVERSION = YES;
				CLANG_WARN_OBJC_ROOT_CLASS = YES_ERROR;
				CLANG_WARN_QUOTED_INCLUDE_IN_FRAMEWORK_HEADER = YES;
				CLANG_WARN_RANGE_LOOP_ANALYSIS = YES;
				CLANG_WARN_STRICT_PROTOTYPES = YES;
				CLANG_WARN_SUSPICIOUS_MOVE = YES;
				CLANG_WARN_UNGUARDED_AVAILABILITY = YES_AGGRESSIVE;
				CLANG_WARN_UNREACHABLE_CODE = YES;
				CLANG_WARN__DUPLICATE_METHOD_MATCH = YES;
				COPY_PHASE_STRIP = NO;
				DEBUG_INFORMATION_FORMAT = "dwarf-with-dsym";
				ENABLE_NS_ASSERTIONS = NO;
				ENABLE_STRICT_OBJC_MSGSEND = YES;
				GCC_C_LANGUAGE_STANDARD = gnu11;
				GCC_NO_COMMON_BLOCKS = YES;
				GCC_WARN_64_TO_32_BIT_CONVERSION = YES;
				GCC_WARN_ABOUT_RETURN_TYPE = YES_ERROR;
				GCC_WARN_UNDECLARED_SELECTOR = YES;
				GCC_WARN_UNINITIALIZED_AUTOS = YES_AGGRESSIVE;
				GCC_WARN_UNUSED_FUNCTION = YES;
				GCC_WARN_UNUSED_VARIABLE = YES;
				IPHONEOS_DEPLOYMENT_TARGET = 16.1;
				MTL_ENABLE_DEBUG_INFO = NO;
				MTL_FAST_MATH = YES;
				SDKROOT = iphoneos;
				SWIFT_COMPILATION_MODE = wholemodule;
				SWIFT_OPTIMIZATION_LEVEL = "-O";
				VALIDATE_PRODUCT = YES;
			};
			name = Release;
		};
		553CCE3F29998BC300EC7C72 /* Debug */ = {
			isa = XCBuildConfiguration;
			buildSettings = {
				ASSETCATALOG_COMPILER_APPICON_NAME = AppIcon;
				ASSETCATALOG_COMPILER_GLOBAL_ACCENT_COLOR_NAME = AccentColor;
				CODE_SIGN_STYLE = Automatic;
				CURRENT_PROJECT_VERSION = 1;
				DEVELOPMENT_ASSET_PATHS = "\"Scrumdinger/Preview Content\"";
				ENABLE_PREVIEWS = YES;
				GENERATE_INFOPLIST_FILE = YES;
				INFOPLIST_KEY_UIApplicationSceneManifest_Generation = YES;
				INFOPLIST_KEY_UIApplicationSupportsIndirectInputEvents = YES;
				INFOPLIST_KEY_UILaunchScreen_Generation = YES;
				INFOPLIST_KEY_UISupportedInterfaceOrientations_iPad = "UIInterfaceOrientationPortrait UIInterfaceOrientationPortraitUpsideDown UIInterfaceOrientationLandscapeLeft UIInterfaceOrientationLandscapeRight";
				INFOPLIST_KEY_UISupportedInterfaceOrientations_iPhone = "UIInterfaceOrientationPortrait UIInterfaceOrientationLandscapeLeft UIInterfaceOrientationLandscapeRight";
				LD_RUNPATH_SEARCH_PATHS = (
					"$(inherited)",
					"@executable_path/Frameworks",
				);
				MARKETING_VERSION = 1.0;
				PRODUCT_BUNDLE_IDENTIFIER = com.jack.mocha.Scrumdinger;
				PRODUCT_NAME = "$(TARGET_NAME)";
				SWIFT_EMIT_LOC_STRINGS = YES;
				SWIFT_VERSION = 5.0;
				TARGETED_DEVICE_FAMILY = "1,2";
			};
			name = Debug;
		};
		553CCE4029998BC300EC7C72 /* Release */ = {
			isa = XCBuildConfiguration;
			buildSettings = {
				ASSETCATALOG_COMPILER_APPICON_NAME = AppIcon;
				ASSETCATALOG_COMPILER_GLOBAL_ACCENT_COLOR_NAME = AccentColor;
				CODE_SIGN_STYLE = Automatic;
				CURRENT_PROJECT_VERSION = 1;
				DEVELOPMENT_ASSET_PATHS = "\"Scrumdinger/Preview Content\"";
				ENABLE_PREVIEWS = YES;
				GENERATE_INFOPLIST_FILE = YES;
				INFOPLIST_KEY_UIApplicationSceneManifest_Generation = YES;
				INFOPLIST_KEY_UIApplicationSupportsIndirectInputEvents = YES;
				INFOPLIST_KEY_UILaunchScreen_Generation = YES;
				INFOPLIST_KEY_UISupportedInterfaceOrientations_iPad = "UIInterfaceOrientationPortrait UIInterfaceOrientationPortraitUpsideDown UIInterfaceOrientationLandscapeLeft UIInterfaceOrientationLandscapeRight";
				INFOPLIST_KEY_UISupportedInterfaceOrientations_iPhone = "UIInterfaceOrientationPortrait UIInterfaceOrientationLandscapeLeft UIInterfaceOrientationLandscapeRight";
				LD_RUNPATH_SEARCH_PATHS = (
					"$(inherited)",
					"@executable_path/Frameworks",
				);
				MARKETING_VERSION = 1.0;
				PRODUCT_BUNDLE_IDENTIFIER = com.jack.mocha.Scrumdinger;
				PRODUCT_NAME = "$(TARGET_NAME)";
				SWIFT_EMIT_LOC_STRINGS = YES;
				SWIFT_VERSION = 5.0;
				TARGETED_DEVICE_FAMILY = "1,2";
			};
			name = Release;
		};
/* End XCBuildConfiguration section */

/* Begin XCConfigurationList section */
		553CCE2B29998BC100EC7C72 /* Build configuration list for PBXProject "Scrumdinger" */ = {
			isa = XCConfigurationList;
			buildConfigurations = (
				553CCE3C29998BC300EC7C72 /* Debug */,
				553CCE3D29998BC300EC7C72 /* Release */,
			);
			defaultConfigurationIsVisible = 0;
			defaultConfigurationName = Release;
		};
		553CCE3E29998BC300EC7C72 /* Build configuration list for PBXNativeTarget "Scrumdinger" */ = {
			isa = XCConfigurationList;
			buildConfigurations = (
				553CCE3F29998BC300EC7C72 /* Debug */,
				553CCE4029998BC300EC7C72 /* Release */,
			);
			defaultConfigurationIsVisible = 0;
			defaultConfigurationName = Release;
		};
/* End XCConfigurationList section */
	};
	rootObject = 553CCE2829998BC100EC7C72 /* Project object */;
}
